{
  "lib/forge-std": {
    "branch": {
      "name": "master",
      "rev": "da5b326fb2d7f69e87c3ea95f3fcc3ab49a38549"
    }
  },
  "lib/openzeppelin-contracts": {
    "branch": {
      "name": "master",
      "rev": "0a76a61577248146ec6a905c7359fec2de2109f6"
    }
  },
  "lib/solady": {
    "branch": {
      "name": "main",
      "rev": "cedd7936a11807acd819c9f6acf48fdcefee3f73"
    }
  }
}