{
  "lib/forge-std": {
    "branch": {
      "name": "master",
      "rev": "452bdecf8772bf113532f67c5cf3accb71895cd0"
    }
  },
  "lib/openzeppelin-contracts": {
    "branch": {
      "name": "master",
      "rev": "641ba990cad2f7f70878e0d66be1bfbef95710e8"
    }
  },
  "lib/solady": {
    "branch": {
      "name": "main",
      "rev": "2afba69bf67b78dd4abeadcc696052b3a6f71499"
    }
  }
}